{
  "version": 4,
  "terraform_version": "1.14.4",
  "serial": 147,
  "lineage": "abc16d4d-e290-6589-f19e-a6b6c0303d07",
  "outputs": {
    "api_url": {
      "value": "http://3.95.69.110:8000",
      "type": "string"
    },
    "backend_ecr_repository_url": {
      "value": "411960113601.dkr.ecr.us-east-1.amazonaws.com/dalla-backend",
      "type": "string"
    },
    "backend_instance_id": {
      "value": "i-07fba0174703ee849",
      "type": "string"
    },
    "backend_log_group_name": {
      "value": "/dalla/backend",
      "type": "string"
    },
    "backend_public_ip": {
      "value": "3.95.69.110",
      "type": "string"
    },
    "backend_security_group_id": {
      "value": "sg-02d3c7cdd1479d15a",
      "type": "string"
    },
    "client_id": {
      "value": "23sd9b219pcaghkv34a7ul9tgk",
      "type": "string"
    },
    "cloudfront_domain_name": {
      "value": "d3156omzi2icat.cloudfront.net",
      "type": "string"
    },
    "cloudfront_url": {
      "value": "https://d3156omzi2icat.cloudfront.net",
      "type": "string"
    },
    "database_endpoint": {
      "value": "dalla-db-20260220153208762200000004.ckt488ya2mrz.us-east-1.rds.amazonaws.com",
      "type": "string"
    },
    "database_url": {
      "value": "postgresql+asyncpg://dalla:fDrYPM\u0026h$76P)eq*I_EN*I6=@dalla-db-20260220153208762200000004.ckt488ya2mrz.us-east-1.rds.amazonaws.com:5432/dalla",
      "type": "string",
      "sensitive": true
    },
    "frontend_api_url_placeholder": {
      "value": "http://3.95.69.110:8000",
      "type": "string"
    },
    "frontend_bucket_name": {
      "value": "dalla-frontend-411960113601",
      "type": "string"
    },
    "public_subnet_ids": {
      "value": [
        "subnet-099dc2f55bae34249",
        "subnet-0cff7623ef9beb545"
      ],
      "type": [
        "tuple",
        [
          "string",
          "string"
        ]
      ]
    },
    "rds_security_group_id": {
      "value": "sg-0d18bc20d7ea26f9d",
      "type": "string"
    },
    "user_pool_id": {
      "value": "us-east-1_N1KSZqjZY",
      "type": "string"
    },
    "vpc_id": {
      "value": "vpc-0d20044cf33df4354",
      "type": "string"
    }
  },
  "resources": [
    {
      "mode": "data",
      "type": "aws_ami",
      "name": "ubuntu",
      "provider": "provider[\"registry.terraform.io/hashicorp/aws\"]",
      "instances": [
        {
          "schema_version": 0,
          "attributes": {
            "allow_unsafe_filter": null,
            "architecture": "x86_64",
            "arn": "arn:aws:ec2:us-east-1::image/ami-0fb0b230890ccd1e6",
            "block_device_mappings": [
              {
                "device_name": "/dev/sda1",
                "ebs": {
                  "delete_on_termination": "true",
                  "encrypted": "false",
                  "iops": "0",
                  "snapshot_id": "snap-01a042ee8ac5da832",
                  "throughput": "0",
                  "volume_initialization_rate": "0",
                  "volume_size": "8",
                  "volume_type": "gp2"
                },
                "no_device": "",
                "virtual_name": ""
              },
              {
                "device_name": "/dev/sdb",
                "ebs": {},
                "no_device": "",
                "virtual_name": "ephemeral0"
              },
              {
                "device_name": "/dev/sdc",
                "ebs": {},
                "no_device": "",
                "virtual_name": "ephemeral1"
              }
            ],
            "boot_mode": "legacy-bios",
            "creation_date": "2025-06-25T05:33:11.000Z",
            "deprecation_time": "2027-06-25T05:33:11.000Z",
            "description": "Canonical, Ubuntu, 20.04, amd64 focal image",
            "ena_support": true,
            "executable_users": null,
            "filter": [
              {
                "name": "name",
                "values": [
                  "ubuntu/images/hvm-ssd/ubuntu-focal-20.04-amd64-server-*"
                ]
              },
              {
                "name": "virtualization-type",
                "values": [
                  "hvm"
                ]
              }
            ],
            "hypervisor": "xen",
            "id": "ami-0fb0b230890ccd1e6",
            "image_id": "ami-0fb0b230890ccd1e6",
            "image_location": "amazon/ubuntu/images/hvm-ssd/ubuntu-focal-20.04-amd64-server-20250624",
            "image_owner_alias": "amazon",
            "image_type": "machine",
            "imds_support": "",
            "include_deprecated": false,
            "kernel_id": "",
            "last_launched_time": "",
            "most_recent": true,
            "name": "ubuntu/images/hvm-ssd/ubuntu-focal-20.04-amd64-server-20250624",
            "name_regex": null,
            "owner_id": "099720109477",
            "owners": [
              "099720109477"
            ],
            "platform": "",
            "platform_details": "Linux/UNIX",
            "product_codes": [],
            "public": true,
            "ramdisk_id": "",
            "region": "us-east-1",
            "root_device_name": "/dev/sda1",
            "root_device_type": "ebs",
            "root_snapshot_id": "snap-01a042ee8ac5da832",
            "sriov_net_support": "simple",
            "state": "available",
            "state_reason": {
              "code": "UNSET",
              "message": "UNSET"
            },
            "tags": {},
            "timeouts": null,
            "tpm_support": "",
            "uefi_data": null,
            "usage_operation": "RunInstances",
            "virtualization_type": "hvm"
          },
          "sensitive_attributes": [],
          "identity_schema_version": 0
        }
      ]
    },
    {
      "mode": "data",
      "type": "aws_availability_zones",
      "name": "available",
      "provider": "provider[\"registry.terraform.io/hashicorp/aws\"]",
      "instances": [
        {
          "schema_version": 0,
          "attributes": {
            "all_availability_zones": null,
            "exclude_names": null,
            "exclude_zone_ids": null,
            "filter": null,
            "group_names": [
              "us-east-1-zg-1"
            ],
            "id": "us-east-1",
            "names": [
              "us-east-1a",
              "us-east-1b",
              "us-east-1c",
              "us-east-1d",
              "us-east-1e",
              "us-east-1f"
            ],
            "region": "us-east-1",
            "state": "available",
            "timeouts": null,
            "zone_ids": [
              "use1-az1",
              "use1-az2",
              "use1-az4",
              "use1-az6",
              "use1-az3",
              "use1-az5"
            ]
          },
          "sensitive_attributes": [],
          "identity_schema_version": 0
        }
      ]
    },
    {
      "mode": "data",
      "type": "aws_caller_identity",
      "name": "current",
      "provider": "provider[\"registry.terraform.io/hashicorp/aws\"]",
      "instances": [
        {
          "schema_version": 0,
          "attributes": {
            "account_id": "411960113601",
            "arn": "arn:aws:iam::411960113601:user/dalla-project-owner",
            "id": "411960113601",
            "user_id": "AIDAV72V4PHATLAM6DBNP"
          },
          "sensitive_attributes": [],
          "identity_schema_version": 0
        }
      ]
    },
    {
      "mode": "data",
      "type": "aws_iam_policy_document",
      "name": "backend_ssm_access",
      "provider": "provider[\"registry.terraform.io/hashicorp/aws\"]",
      "instances": [
        {
          "schema_version": 0,
          "attributes": {
            "id": "1870178699",
            "json": "{\n  \"Version\": \"2012-10-17\",\n  \"Statement\": [\n    {\n      \"Effect\": \"Allow\",\n      \"Action\": [\n        \"ssm:GetParametersByPath\",\n        \"ssm:GetParameters\",\n        \"ssm:GetParameter\",\n        \"secretsmanager:GetSecretValue\"\n      ],\n      \"Resource\": \"*\"\n    }\n  ]\n}",
            "minified_json": "{\"Version\":\"2012-10-17\",\"Statement\":[{\"Effect\":\"Allow\",\"Action\":[\"ssm:GetParametersByPath\",\"ssm:GetParameters\",\"ssm:GetParameter\",\"secretsmanager:GetSecretValue\"],\"Resource\":\"*\"}]}",
            "override_json": null,
            "override_policy_documents": null,
            "policy_id": null,
            "source_json": null,
            "source_policy_documents": null,
            "statement": [
              {
                "actions": [
                  "secretsmanager:GetSecretValue",
                  "ssm:GetParameter",
                  "ssm:GetParameters",
                  "ssm:GetParametersByPath"
                ],
                "condition": [],
                "effect": "Allow",
                "not_actions": [],
                "not_principals": [],
                "not_resources": [],
                "principals": [],
                "resources": [
                  "*"
                ],
                "sid": ""
              }
            ],
            "version": "2012-10-17"
          },
          "sensitive_attributes": [],
          "identity_schema_version": 0
        }
      ]
    },
    {
      "mode": "data",
      "type": "aws_iam_policy_document",
      "name": "ec2_assume_role",
      "provider": "provider[\"registry.terraform.io/hashicorp/aws\"]",
      "instances": [
        {
          "schema_version": 0,
          "attributes": {
            "id": "2851119427",
            "json": "{\n  \"Version\": \"2012-10-17\",\n  \"Statement\": [\n    {\n      \"Effect\": \"Allow\",\n      \"Action\": \"sts:AssumeRole\",\n      \"Principal\": {\n        \"Service\": \"ec2.amazonaws.com\"\n      }\n    }\n  ]\n}",
            "minified_json": "{\"Version\":\"2012-10-17\",\"Statement\":[{\"Effect\":\"Allow\",\"Action\":\"sts:AssumeRole\",\"Principal\":{\"Service\":\"ec2.amazonaws.com\"}}]}",
            "override_json": null,
            "override_policy_documents": null,
            "policy_id": null,
            "source_json": null,
            "source_policy_documents": null,
            "statement": [
              {
                "actions": [
                  "sts:AssumeRole"
                ],
                "condition": [],
                "effect": "Allow",
                "not_actions": [],
                "not_principals": [],
                "not_resources": [],
                "principals": [
                  {
                    "identifiers": [
                      "ec2.amazonaws.com"
                    ],
                    "type": "Service"
                  }
                ],
                "resources": [],
                "sid": ""
              }
            ],
            "version": "2012-10-17"
          },
          "sensitive_attributes": [],
          "identity_schema_version": 0
        }
      ]
    },
    {
      "mode": "managed",
      "type": "aws_cloudfront_distribution",
      "name": "frontend",
      "provider": "provider[\"registry.terraform.io/hashicorp/aws\"]",
      "instances": [
        {
          "schema_version": 1,
          "attributes": {
            "aliases": null,
            "anycast_ip_list_id": "",
            "arn": "arn:aws:cloudfront::411960113601:distribution/E3HR0XP5FFIJ3",
            "caller_reference": "terraform-20260220153144783300000002",
            "comment": "dalla frontend",
            "connection_function_association": [],
            "continuous_deployment_policy_id": "",
            "custom_error_response": [
              {
                "error_caching_min_ttl": null,
                "error_code": 403,
                "response_code": 200,
                "response_page_path": "/index.html"
              },
              {
                "error_caching_min_ttl": null,
                "error_code": 404,
                "response_code": 200,
                "response_page_path": "/index.html"
              }
            ],
            "default_cache_behavior": [
              {
                "allowed_methods": [
                  "GET",
                  "HEAD",
                  "OPTIONS"
                ],
                "cache_policy_id": "",
                "cached_methods": [
                  "GET",
                  "HEAD"
                ],
                "compress": true,
                "default_ttl": 3600,
                "field_level_encryption_id": "",
                "forwarded_values": [
                  {
                    "cookies": [
                      {
                        "forward": "none",
                        "whitelisted_names": []
                      }
                    ],
                    "headers": [],
                    "query_string": false,
                    "query_string_cache_keys": []
                  }
                ],
                "function_association": [],
                "grpc_config": [
                  {
                    "enabled": false
                  }
                ],
                "lambda_function_association": [],
                "max_ttl": 86400,
                "min_ttl": 0,
                "origin_request_policy_id": "",
                "realtime_log_config_arn": "",
                "response_headers_policy_id": "",
                "smooth_streaming": false,
                "target_origin_id": "S3-dalla-frontend-411960113601",
                "trusted_key_groups": [],
                "trusted_signers": [],
                "viewer_protocol_policy": "redirect-to-https"
              }
            ],
            "default_root_object": "index.html",
            "domain_name": "d3156omzi2icat.cloudfront.net",
            "enabled": true,
            "etag": "E23ZP02F085DFQ",
            "hosted_zone_id": "Z2FDTNDATAQYW2",
            "http_version": "http2",
            "id": "E3HR0XP5FFIJ3",
            "in_progress_validation_batches": 0,
            "is_ipv6_enabled": true,
            "last_modified_time": "2026-02-20 15:31:44.891 +0000 UTC",
            "logging_config": [],
            "logging_v1_enabled": false,
            "ordered_cache_behavior": [],
            "origin": [
              {
                "connection_attempts": 3,
                "connection_timeout": 10,
                "custom_header": [],
                "custom_origin_config": [],
                "domain_name": "dalla-frontend-411960113601.s3.us-east-1.amazonaws.com",
                "origin_access_control_id": "",
                "origin_id": "S3-dalla-frontend-411960113601",
                "origin_path": "",
                "origin_shield": [],
                "response_completion_timeout": 0,
                "s3_origin_config": [
                  {
                    "origin_access_identity": "origin-access-identity/cloudfront/E9DI9S2TX4Z5L"
                  }
                ],
                "vpc_origin_config": []
              }
            ],
            "origin_group": [],
            "price_class": "PriceClass_100",
            "restrictions": [
              {
                "geo_restriction": [
                  {
                    "locations": [],
                    "restriction_type": "none"
                  }
                ]
              }
            ],
            "retain_on_delete": false,
            "staging": false,
            "status": "Deployed",
            "tags": {
              "Name": "dalla-frontend"
            },
            "tags_all": {
              "Name": "dalla-frontend"
            },
            "trusted_key_groups": [
              {
                "enabled": false,
                "items": []
              }
            ],
            "trusted_signers": [
              {
                "enabled": false,
                "items": []
              }
            ],
            "viewer_certificate": [
              {
                "acm_certificate_arn": "",
                "cloudfront_default_certificate": true,
                "iam_certificate_id": "",
                "minimum_protocol_version": "TLSv1",
                "ssl_support_method": ""
              }
            ],
            "viewer_mtls_config": [],
            "wait_for_deployment": true,
            "web_acl_id": ""
          },
          "sensitive_attributes": [],
          "identity_schema_version": 0,
          "private": "eyJzY2hlbWFfdmVyc2lvbiI6IjEifQ==",
          "dependencies": [
            "aws_cloudfront_origin_access_identity.frontend",
            "aws_s3_bucket.frontend",
            "data.aws_caller_identity.current"
          ]
        }
      ]
    },
    {
      "mode": "managed",
      "type": "aws_cloudfront_origin_access_identity",
      "name": "frontend",
      "provider": "provider[\"registry.terraform.io/hashicorp/aws\"]",
      "instances": [
        {
          "schema_version": 0,
          "attributes": {
            "arn": "arn:aws:cloudfront::411960113601:origin-access-identity/E9DI9S2TX4Z5L",
            "caller_reference": "terraform-20260220153143402200000001",
            "cloudfront_access_identity_path": "origin-access-identity/cloudfront/E9DI9S2TX4Z5L",
            "comment": "OAI for dalla frontend",
            "etag": "ETVPDKIKX0DER",
            "iam_arn": "arn:aws:iam::cloudfront:user/CloudFront Origin Access Identity E9DI9S2TX4Z5L",
            "id": "E9DI9S2TX4Z5L",
            "s3_canonical_user_id": "98af81e6f1cfce1c76453580da14c52dfcd26b89698557516bbe9dd1517037f73759879fe03bf17a1f7239d886eeabec"
          },
          "sensitive_attributes": [],
          "identity_schema_version": 0,
          "private": "bnVsbA=="
        }
      ]
    },
    {
      "mode": "managed",
      "type": "aws_cloudwatch_log_group",
      "name": "backend",
      "provider": "provider[\"registry.terraform.io/hashicorp/aws\"]",
      "instances": [
        {
          "schema_version": 0,
          "attributes": {
            "arn": "arn:aws:logs:us-east-1:411960113601:log-group:/dalla/backend",
            "deletion_protection_enabled": false,
            "id": "/dalla/backend",
            "kms_key_id": "",
            "log_group_class": "STANDARD",
            "name": "/dalla/backend",
            "name_prefix": "",
            "region": "us-east-1",
            "retention_in_days": 14,
            "skip_destroy": false,
            "tags": {
              "Name": "dalla-backend-logs"
            },
            "tags_all": {
              "Name": "dalla-backend-logs"
            }
          },
          "sensitive_attributes": [],
          "identity_schema_version": 0,
          "identity": {
            "account_id": "411960113601",
            "name": "/dalla/backend",
            "region": "us-east-1"
          },
          "private": "bnVsbA=="
        }
      ]
    },
    {
      "mode": "managed",
      "type": "aws_cloudwatch_metric_alarm",
      "name": "backend_cpu",
      "provider": "provider[\"registry.terraform.io/hashicorp/aws\"]",
      "instances": [
        {
          "schema_version": 1,
          "attributes": {
            "actions_enabled": true,
            "alarm_actions": null,
            "alarm_description": "",
            "alarm_name": "dalla-backend-high-cpu",
            "arn": "arn:aws:cloudwatch:us-east-1:411960113601:alarm:dalla-backend-high-cpu",
            "comparison_operator": "GreaterThanThreshold",
            "datapoints_to_alarm": 0,
            "dimensions": {
              "InstanceId": "i-07fba0174703ee849"
            },
            "evaluate_low_sample_count_percentiles": "",
            "evaluation_periods": 2,
            "extended_statistic": "",
            "id": "dalla-backend-high-cpu",
            "insufficient_data_actions": null,
            "metric_name": "CPUUtilization",
            "metric_query": [],
            "namespace": "AWS/EC2",
            "ok_actions": null,
            "period": 300,
            "region": "us-east-1",
            "statistic": "Average",
            "tags": {
              "Name": "dalla-backend-cpu-alarm"
            },
            "tags_all": {
              "Name": "dalla-backend-cpu-alarm"
            },
            "threshold": 80,
            "threshold_metric_id": "",
            "treat_missing_data": "missing",
            "unit": ""
          },
          "sensitive_attributes": [],
          "identity_schema_version": 0,
          "identity": {
            "account_id": "411960113601",
            "alarm_name": "dalla-backend-high-cpu",
            "region": "us-east-1"
          },
          "private": "eyJzY2hlbWFfdmVyc2lvbiI6IjEifQ==",
          "dependencies": [
            "aws_cognito_user_pool.main",
            "aws_cognito_user_pool_client.app",
            "aws_db_instance.main",
            "aws_db_subnet_group.main",
            "aws_iam_instance_profile.backend",
            "aws_iam_role.backend",
            "aws_instance.backend",
            "aws_security_group.backend",
            "aws_security_group.rds",
            "aws_ssm_parameter.cognito_app_client_id",
            "aws_ssm_parameter.cognito_region",
            "aws_ssm_parameter.cognito_user_pool_id",
            "aws_ssm_parameter.database_url",
            "aws_subnet.public",
            "aws_vpc.main",
            "data.aws_ami.ubuntu",
            "data.aws_availability_zones.available",
            "data.aws_iam_policy_document.ec2_assume_role",
            "random_password.db_password"
          ]
        }
      ]
    },
    {
      "mode": "managed",
      "type": "aws_cloudwatch_metric_alarm",
      "name": "rds_cpu",
      "provider": "provider[\"registry.terraform.io/hashicorp/aws\"]",
      "instances": [
        {
          "schema_version": 1,
          "attributes": {
            "actions_enabled": true,
            "alarm_actions": null,
            "alarm_description": "",
            "alarm_name": "dalla-rds-high-cpu",
            "arn": "arn:aws:cloudwatch:us-east-1:411960113601:alarm:dalla-rds-high-cpu",
            "comparison_operator": "GreaterThanThreshold",
            "datapoints_to_alarm": 0,
            "dimensions": {
              "DBInstanceIdentifier": "db-RD7ADRTQLZMPZ3KE2Q76AL7OIE"
            },
            "evaluate_low_sample_count_percentiles": "",
            "evaluation_periods": 2,
            "extended_statistic": "",
            "id": "dalla-rds-high-cpu",
            "insufficient_data_actions": null,
            "metric_name": "CPUUtilization",
            "metric_query": [],
            "namespace": "AWS/RDS",
            "ok_actions": null,
            "period": 300,
            "region": "us-east-1",
            "statistic": "Average",
            "tags": {
              "Name": "dalla-rds-cpu-alarm"
            },
            "tags_all": {
              "Name": "dalla-rds-cpu-alarm"
            },
            "threshold": 80,
            "threshold_metric_id": "",
            "treat_missing_data": "missing",
            "unit": ""
          },
          "sensitive_attributes": [],
          "identity_schema_version": 0,
          "identity": {
            "account_id": "411960113601",
            "alarm_name": "dalla-rds-high-cpu",
            "region": "us-east-1"
          },
          "private": "eyJzY2hlbWFfdmVyc2lvbiI6IjEifQ==",
          "dependencies": [
            "aws_db_instance.main",
            "aws_db_subnet_group.main",
            "aws_security_group.backend",
            "aws_security_group.rds",
            "aws_subnet.public",
            "aws_vpc.main",
            "data.aws_availability_zones.available",
            "random_password.db_password"
          ]
        }
      ]
    },
    {
      "mode": "managed",
      "type": "aws_cognito_user_pool",
      "name": "main",
      "provider": "provider[\"registry.terraform.io/hashicorp/aws\"]",
      "instances": [
        {
          "schema_version": 0,
          "attributes": {
            "account_recovery_setting": [
              {
                "recovery_mechanism": [
                  {
                    "name": "verified_email",
                    "priority": 1
                  },
                  {
                    "name": "verified_phone_number",
                    "priority": 2
                  }
                ]
              }
            ],
            "admin_create_user_config": [
              {
                "allow_admin_create_user_only": false,
                "invite_message_template": []
              }
            ],
            "alias_attributes": null,
            "arn": "arn:aws:cognito-idp:us-east-1:411960113601:userpool/us-east-1_N1KSZqjZY",
            "auto_verified_attributes": [
              "email"
            ],
            "creation_date": "2026-02-20T15:31:44Z",
            "custom_domain": "",
            "deletion_protection": "INACTIVE",
            "device_configuration": [],
            "domain": "",
            "email_configuration": [
              {
                "configuration_set": "",
                "email_sending_account": "COGNITO_DEFAULT",
                "from_email_address": "",
                "reply_to_email_address": "",
                "source_arn": ""
              }
            ],
            "email_mfa_configuration": [],
            "email_verification_message": "",
            "email_verification_subject": "",
            "endpoint": "cognito-idp.us-east-1.amazonaws.com/us-east-1_N1KSZqjZY",
            "estimated_number_of_users": 0,
            "id": "us-east-1_N1KSZqjZY",
            "lambda_config": [],
            "last_modified_date": "2026-02-20T15:31:44Z",
            "mfa_configuration": "OFF",
            "name": "dalla-pool",
            "password_policy": [
              {
                "minimum_length": 8,
                "password_history_size": 0,
                "require_lowercase": false,
                "require_numbers": false,
                "require_symbols": false,
                "require_uppercase": false,
                "temporary_password_validity_days": 7
              }
            ],
            "region": "us-east-1",
            "schema": [
              {
                "attribute_data_type": "String",
                "developer_only_attribute": null,
                "mutable": null,
                "name": "email",
                "number_attribute_constraints": [],
                "required": true,
                "string_attribute_constraints": []
              }
            ],
            "sign_in_policy": [
              {
                "allowed_first_auth_factors": [
                  "PASSWORD"
                ]
              }
            ],
            "sms_authentication_message": "",
            "sms_configuration": [],
            "sms_verification_message": "",
            "software_token_mfa_configuration": [],
            "tags": null,
            "tags_all": {},
            "user_attribute_update_settings": [],
            "user_pool_add_ons": [],
            "user_pool_tier": "ESSENTIALS",
            "username_attributes": [
              "email"
            ],
            "username_configuration": [],
            "verification_message_template": [
              {
                "default_email_option": "CONFIRM_WITH_CODE",
                "email_message": "",
                "email_message_by_link": "",
                "email_subject": "",
                "email_subject_by_link": "",
                "sms_message": ""
              }
            ],
            "web_authn_configuration": []
          },
          "sensitive_attributes": [],
          "identity_schema_version": 0,
          "private": "bnVsbA=="
        }
      ]
    },
    {
      "mode": "managed",
      "type": "aws_cognito_user_pool_client",
      "name": "app",
      "provider": "provider[\"registry.terraform.io/hashicorp/aws\"]",
      "instances": [
        {
          "schema_version": 0,
          "attributes": {
            "access_token_validity": 0,
            "allowed_oauth_flows": [],
            "allowed_oauth_flows_user_pool_client": false,
            "allowed_oauth_scopes": [],
            "analytics_configuration": [],
            "auth_session_validity": 3,
            "callback_urls": [],
            "client_secret": "",
            "default_redirect_uri": "",
            "enable_propagate_additional_user_context_data": false,
            "enable_token_revocation": true,
            "explicit_auth_flows": [
              "ALLOW_REFRESH_TOKEN_AUTH",
              "ALLOW_USER_PASSWORD_AUTH",
              "ALLOW_USER_SRP_AUTH"
            ],
            "generate_secret": false,
            "id": "23sd9b219pcaghkv34a7ul9tgk",
            "id_token_validity": 0,
            "logout_urls": [],
            "name": "dalla-app",
            "prevent_user_existence_errors": "",
            "read_attributes": [],
            "refresh_token_rotation": [],
            "refresh_token_validity": 30,
            "region": "us-east-1",
            "supported_identity_providers": [],
            "token_validity_units": [],
            "user_pool_id": "us-east-1_N1KSZqjZY",
            "write_attributes": []
          },
          "sensitive_attributes": [
            [
              {
                "type": "get_attr",
                "value": "client_secret"
              }
            ]
          ],
          "identity_schema_version": 0,
          "dependencies": [
            "aws_cognito_user_pool.main"
          ]
        }
      ]
    },
    {
      "mode": "managed",
      "type": "aws_db_instance",
      "name": "main",
      "provider": "provider[\"registry.terraform.io/hashicorp/aws\"]",
      "instances": [
        {
          "schema_version": 2,
          "attributes": {
            "address": "dalla-db-20260220153208762200000004.ckt488ya2mrz.us-east-1.rds.amazonaws.com",
            "allocated_storage": 20,
            "allow_major_version_upgrade": null,
            "apply_immediately": false,
            "arn": "arn:aws:rds:us-east-1:411960113601:db:dalla-db-20260220153208762200000004",
            "auto_minor_version_upgrade": true,
            "availability_zone": "us-east-1b",
            "backup_retention_period": 0,
            "backup_target": "region",
            "backup_window": "04:57-05:27",
            "blue_green_update": [],
            "ca_cert_identifier": "rds-ca-rsa2048-g1",
            "character_set_name": "",
            "copy_tags_to_snapshot": false,
            "custom_iam_instance_profile": "",
            "customer_owned_ip_enabled": false,
            "database_insights_mode": "standard",
            "db_name": "dalla",
            "db_subnet_group_name": "dalla-db-subnets",
            "dedicated_log_volume": false,
            "delete_automated_backups": true,
            "deletion_protection": false,
            "domain": "",
            "domain_auth_secret_arn": "",
            "domain_dns_ips": null,
            "domain_fqdn": "",
            "domain_iam_role_name": "",
            "domain_ou": "",
            "enabled_cloudwatch_logs_exports": null,
            "endpoint": "dalla-db-20260220153208762200000004.ckt488ya2mrz.us-east-1.rds.amazonaws.com:5432",
            "engine": "postgres",
            "engine_lifecycle_support": "open-source-rds-extended-support",
            "engine_version": "16",
            "engine_version_actual": "16.10",
            "final_snapshot_identifier": null,
            "hosted_zone_id": "Z2R2ITUGPM61AM",
            "iam_database_authentication_enabled": false,
            "id": "db-RD7ADRTQLZMPZ3KE2Q76AL7OIE",
            "identifier": "dalla-db-20260220153208762200000004",
            "identifier_prefix": "dalla-db-",
            "instance_class": "db.t3.micro",
            "iops": 0,
            "kms_key_id": "",
            "latest_restorable_time": "",
            "license_model": "postgresql-license",
            "listener_endpoint": [],
            "maintenance_window": "wed:04:25-wed:04:55",
            "manage_master_user_password": null,
            "master_user_secret": [],
            "master_user_secret_kms_key_id": null,
            "max_allocated_storage": 100,
            "monitoring_interval": 0,
            "monitoring_role_arn": "",
            "multi_az": false,
            "nchar_character_set_name": "",
            "network_type": "IPV4",
            "option_group_name": "default:postgres-16",
            "parameter_group_name": "default.postgres16",
            "password": "fDrYPM\u0026h$76P)eq*I_EN*I6=",
            "password_wo": null,
            "password_wo_version": null,
            "performance_insights_enabled": false,
            "performance_insights_kms_key_id": "",
            "performance_insights_retention_period": 0,
            "port": 5432,
            "publicly_accessible": false,
            "region": "us-east-1",
            "replica_mode": "",
            "replicas": [],
            "replicate_source_db": "",
            "resource_id": "db-RD7ADRTQLZMPZ3KE2Q76AL7OIE",
            "restore_to_point_in_time": [],
            "s3_import": [],
            "skip_final_snapshot": true,
            "snapshot_identifier": null,
            "status": "available",
            "storage_encrypted": false,
            "storage_throughput": 0,
            "storage_type": "gp2",
            "tags": {
              "Name": "dalla-db"
            },
            "tags_all": {
              "Name": "dalla-db"
            },
            "timeouts": null,
            "timezone": "",
            "upgrade_rollout_order": "second",
            "upgrade_storage_config": null,
            "username": "dalla",
            "vpc_security_group_ids": [
              "sg-0d18bc20d7ea26f9d"
            ]
          },
          "sensitive_attributes": [
            [
              {
                "type": "get_attr",
                "value": "password"
              }
            ],
            [
              {
                "type": "get_attr",
                "value": "password_wo"
              }
            ]
          ],
          "identity_schema_version": 0,
          "private": "eyJlMmJmYjczMC1lY2FhLTExZTYtOGY4OC0zNDM2M2JjN2M0YzAiOnsiY3JlYXRlIjozMDAwMDAwMDAwMDAwLCJkZWxldGUiOjM2MDAwMDAwMDAwMDAsInVwZGF0ZSI6NDgwMDAwMDAwMDAwMH0sInNjaGVtYV92ZXJzaW9uIjoiMiJ9",
          "dependencies": [
            "aws_db_subnet_group.main",
            "aws_security_group.backend",
            "aws_security_group.rds",
            "aws_subnet.public",
            "aws_vpc.main",
            "data.aws_availability_zones.available",
            "random_password.db_password"
          ]
        }
      ]
    },
    {
      "mode": "managed",
      "type": "aws_db_subnet_group",
      "name": "main",
      "provider": "provider[\"registry.terraform.io/hashicorp/aws\"]",
      "instances": [
        {
          "schema_version": 0,
          "attributes": {
            "arn": "arn:aws:rds:us-east-1:411960113601:subgrp:dalla-db-subnets",
            "description": "Managed by Terraform",
            "id": "dalla-db-subnets",
            "name": "dalla-db-subnets",
            "name_prefix": "",
            "region": "us-east-1",
            "subnet_ids": [
              "subnet-099dc2f55bae34249",
              "subnet-0cff7623ef9beb545"
            ],
            "supported_network_types": [
              "IPV4"
            ],
            "tags": {
              "Name": "dalla-db-subnets"
            },
            "tags_all": {
              "Name": "dalla-db-subnets"
            },
            "vpc_id": "vpc-0d20044cf33df4354"
          },
          "sensitive_attributes": [],
          "identity_schema_version": 0,
          "private": "bnVsbA==",
          "dependencies": [
            "aws_subnet.public",
            "aws_vpc.main",
            "data.aws_availability_zones.available"
          ]
        }
      ]
    },
    {
      "mode": "managed",
      "type": "aws_ecr_repository",
      "name": "backend",
      "provider": "provider[\"registry.terraform.io/hashicorp/aws\"]",
      "instances": [
        {
          "schema_version": 0,
          "attributes": {
            "arn": "arn:aws:ecr:us-east-1:411960113601:repository/dalla-backend",
            "encryption_configuration": [
              {
                "encryption_type": "AES256",
                "kms_key": ""
              }
            ],
            "force_delete": null,
            "id": "dalla-backend",
            "image_scanning_configuration": [
              {
                "scan_on_push": true
              }
            ],
            "image_tag_mutability": "MUTABLE",
            "image_tag_mutability_exclusion_filter": [],
            "name": "dalla-backend",
            "region": "us-east-1",
            "registry_id": "411960113601",
            "repository_url": "411960113601.dkr.ecr.us-east-1.amazonaws.com/dalla-backend",
            "tags": {
              "Name": "dalla-backend"
            },
            "tags_all": {
              "Name": "dalla-backend"
            },
            "timeouts": null
          },
          "sensitive_attributes": [],
          "identity_schema_version": 0,
          "identity": {
            "account_id": "411960113601",
            "name": "dalla-backend",
            "region": "us-east-1"
          },
          "private": "eyJlMmJmYjczMC1lY2FhLTExZTYtOGY4OC0zNDM2M2JjN2M0YzAiOnsiZGVsZXRlIjoxMjAwMDAwMDAwMDAwfX0="
        }
      ]
    },
    {
      "mode": "managed",
      "type": "aws_eip",
      "name": "backend",
      "provider": "provider[\"registry.terraform.io/hashicorp/aws\"]",
      "instances": [
        {
          "schema_version": 0,
          "attributes": {
            "address": null,
            "allocation_id": "eipalloc-05b952daca5f6ab2f",
            "arn": "arn:aws:ec2:us-east-1:411960113601:elastic-ip/eipalloc-05b952daca5f6ab2f",
            "associate_with_private_ip": null,
            "association_id": "",
            "carrier_ip": "",
            "customer_owned_ip": "",
            "customer_owned_ipv4_pool": "",
            "domain": "vpc",
            "id": "eipalloc-05b952daca5f6ab2f",
            "instance": "",
            "ipam_pool_id": null,
            "network_border_group": "us-east-1",
            "network_interface": "",
            "private_dns": null,
            "private_ip": "",
            "ptr_record": "",
            "public_dns": "ec2-3-95-69-110.compute-1.amazonaws.com",
            "public_ip": "3.95.69.110",
            "public_ipv4_pool": "amazon",
            "region": "us-east-1",
            "tags": {
              "Name": "dalla-backend-eip"
            },
            "tags_all": {
              "Name": "dalla-backend-eip"
            },
            "timeouts": null
          },
          "sensitive_attributes": [],
          "identity_schema_version": 0,
          "private": "eyJlMmJmYjczMC1lY2FhLTExZTYtOGY4OC0zNDM2M2JjN2M0YzAiOnsiZGVsZXRlIjoxODAwMDAwMDAwMDAsInJlYWQiOjkwMDAwMDAwMDAwMCwidXBkYXRlIjozMDAwMDAwMDAwMDB9fQ=="
        }
      ]
    },
    {
      "mode": "managed",
      "type": "aws_eip_association",
      "name": "backend",
      "provider": "provider[\"registry.terraform.io/hashicorp/aws\"]",
      "instances": [
        {
          "schema_version": 0,
          "attributes": {
            "allocation_id": "eipalloc-05b952daca5f6ab2f",
            "allow_reassociation": null,
            "id": "eipassoc-0e5638fb21d839c77",
            "instance_id": "i-07fba0174703ee849",
            "network_interface_id": "eni-0c14bf92946d6c211",
            "private_ip_address": "10.0.1.94",
            "public_ip": "3.95.69.110",
            "region": "us-east-1"
          },
          "sensitive_attributes": [],
          "identity_schema_version": 0,
          "private": "bnVsbA==",
          "dependencies": [
            "aws_cognito_user_pool.main",
            "aws_cognito_user_pool_client.app",
            "aws_db_instance.main",
            "aws_db_subnet_group.main",
            "aws_eip.backend",
            "aws_iam_instance_profile.backend",
            "aws_iam_role.backend",
            "aws_instance.backend",
            "aws_security_group.backend",
            "aws_security_group.rds",
            "aws_ssm_parameter.cognito_app_client_id",
            "aws_ssm_parameter.cognito_region",
            "aws_ssm_parameter.cognito_user_pool_id",
            "aws_ssm_parameter.database_url",
            "aws_subnet.public",
            "aws_vpc.main",
            "data.aws_ami.ubuntu",
            "data.aws_availability_zones.available",
            "data.aws_iam_policy_document.ec2_assume_role",
            "random_password.db_password"
          ]
        }
      ]
    },
    {
      "mode": "managed",
      "type": "aws_iam_instance_profile",
      "name": "backend",
      "provider": "provider[\"registry.terraform.io/hashicorp/aws\"]",
      "instances": [
        {
          "schema_version": 0,
          "attributes": {
            "arn": "arn:aws:iam::411960113601:instance-profile/dalla-backend-instance-profile",
            "create_date": "2026-02-20T15:31:43Z",
            "id": "dalla-backend-instance-profile",
            "name": "dalla-backend-instance-profile",
            "name_prefix": "",
            "path": "/",
            "role": "dalla-backend-role",
            "tags": null,
            "tags_all": {},
            "unique_id": "AIPAV72V4PHAU5MWQTLE4"
          },
          "sensitive_attributes": [],
          "identity_schema_version": 0,
          "private": "bnVsbA==",
          "dependencies": [
            "aws_iam_role.backend",
            "data.aws_iam_policy_document.ec2_assume_role"
          ]
        }
      ]
    },
    {
      "mode": "managed",
      "type": "aws_iam_policy",
      "name": "backend_ssm_access",
      "provider": "provider[\"registry.terraform.io/hashicorp/aws\"]",
      "instances": [
        {
          "schema_version": 0,
          "attributes": {
            "arn": "arn:aws:iam::411960113601:policy/dalla-backend-ssm-access",
            "attachment_count": 0,
            "delay_after_policy_creation_in_ms": null,
            "description": "",
            "id": "arn:aws:iam::411960113601:policy/dalla-backend-ssm-access",
            "name": "dalla-backend-ssm-access",
            "name_prefix": "",
            "path": "/",
            "policy": "{\"Statement\":[{\"Action\":[\"ssm:GetParametersByPath\",\"ssm:GetParameters\",\"ssm:GetParameter\",\"secretsmanager:GetSecretValue\"],\"Effect\":\"Allow\",\"Resource\":\"*\"}],\"Version\":\"2012-10-17\"}",
            "policy_id": "ANPAV72V4PHAV5NFQHHU6",
            "tags": null,
            "tags_all": {}
          },
          "sensitive_attributes": [],
          "identity_schema_version": 0,
          "identity": {
            "arn": "arn:aws:iam::411960113601:policy/dalla-backend-ssm-access"
          },
          "private": "bnVsbA==",
          "dependencies": [
            "data.aws_iam_policy_document.backend_ssm_access"
          ]
        }
      ]
    },
    {
      "mode": "managed",
      "type": "aws_iam_role",
      "name": "backend",
      "provider": "provider[\"registry.terraform.io/hashicorp/aws\"]",
      "instances": [
        {
          "schema_version": 0,
          "attributes": {
            "arn": "arn:aws:iam::411960113601:role/dalla-backend-role",
            "assume_role_policy": "{\"Statement\":[{\"Action\":\"sts:AssumeRole\",\"Effect\":\"Allow\",\"Principal\":{\"Service\":\"ec2.amazonaws.com\"}}],\"Version\":\"2012-10-17\"}",
            "create_date": "2026-02-20T15:31:43Z",
            "description": "",
            "force_detach_policies": false,
            "id": "dalla-backend-role",
            "inline_policy": [],
            "managed_policy_arns": [],
            "max_session_duration": 3600,
            "name": "dalla-backend-role",
            "name_prefix": "",
            "path": "/",
            "permissions_boundary": "",
            "tags": null,
            "tags_all": {},
            "unique_id": "AROAV72V4PHA5JAIZ3KOH"
          },
          "sensitive_attributes": [],
          "identity_schema_version": 0,
          "identity": {
            "account_id": "411960113601",
            "name": "dalla-backend-role"
          },
          "private": "bnVsbA==",
          "dependencies": [
            "data.aws_iam_policy_document.ec2_assume_role"
          ]
        }
      ]
    },
    {
      "mode": "managed",
      "type": "aws_iam_role_policy_attachment",
      "name": "backend_ssm_access",
      "provider": "provider[\"registry.terraform.io/hashicorp/aws\"]",
      "instances": [
        {
          "schema_version": 0,
          "attributes": {
            "id": "dalla-backend-role/arn:aws:iam::411960113601:policy/dalla-backend-ssm-access",
            "policy_arn": "arn:aws:iam::411960113601:policy/dalla-backend-ssm-access",
            "role": "dalla-backend-role"
          },
          "sensitive_attributes": [],
          "identity_schema_version": 0,
          "identity": {
            "account_id": "411960113601",
            "policy_arn": "arn:aws:iam::411960113601:policy/dalla-backend-ssm-access",
            "role": "dalla-backend-role"
          },
          "private": "bnVsbA==",
          "dependencies": [
            "aws_iam_policy.backend_ssm_access",
            "aws_iam_role.backend",
            "data.aws_iam_policy_document.backend_ssm_access",
            "data.aws_iam_policy_document.ec2_assume_role"
          ]
        }
      ]
    },
    {
      "mode": "managed",
      "type": "aws_instance",
      "name": "backend",
      "provider": "provider[\"registry.terraform.io/hashicorp/aws\"]",
      "instances": [
        {
          "schema_version": 2,
          "attributes": {
            "ami": "ami-0fb0b230890ccd1e6",
            "arn": "arn:aws:ec2:us-east-1:411960113601:instance/i-07fba0174703ee849",
            "associate_public_ip_address": true,
            "availability_zone": "us-east-1a",
            "capacity_reservation_specification": [
              {
                "capacity_reservation_preference": "open",
                "capacity_reservation_target": []
              }
            ],
            "cpu_options": [
              {
                "amd_sev_snp": "",
                "core_count": 1,
                "threads_per_core": 2
              }
            ],
            "credit_specification": [
              {
                "cpu_credits": "unlimited"
              }
            ],
            "disable_api_stop": false,
            "disable_api_termination": false,
            "ebs_block_device": [],
            "ebs_optimized": false,
            "enable_primary_ipv6": null,
            "enclave_options": [
              {
                "enabled": false
              }
            ],
            "ephemeral_block_device": [],
            "force_destroy": false,
            "get_password_data": false,
            "hibernation": false,
            "host_id": "",
            "host_resource_group_arn": null,
            "iam_instance_profile": "dalla-backend-instance-profile",
            "id": "i-07fba0174703ee849",
            "instance_initiated_shutdown_behavior": "stop",
            "instance_lifecycle": "",
            "instance_market_options": [],
            "instance_state": "running",
            "instance_type": "t3.micro",
            "ipv6_address_count": 0,
            "ipv6_addresses": [],
            "key_name": "dalla-deploy",
            "launch_template": [],
            "maintenance_options": [
              {
                "auto_recovery": "default"
              }
            ],
            "metadata_options": [
              {
                "http_endpoint": "enabled",
                "http_protocol_ipv6": "disabled",
                "http_put_response_hop_limit": 1,
                "http_tokens": "optional",
                "instance_metadata_tags": "disabled"
              }
            ],
            "monitoring": false,
            "network_interface": [],
            "outpost_arn": "",
            "password_data": "",
            "placement_group": "",
            "placement_group_id": "",
            "placement_partition_number": 0,
            "primary_network_interface": [
              {
                "delete_on_termination": true,
                "network_interface_id": "eni-0c14bf92946d6c211"
              }
            ],
            "primary_network_interface_id": "eni-0c14bf92946d6c211",
            "private_dns": "ip-10-0-1-94.ec2.internal",
            "private_dns_name_options": [
              {
                "enable_resource_name_dns_a_record": false,
                "enable_resource_name_dns_aaaa_record": false,
                "hostname_type": "ip-name"
              }
            ],
            "private_ip": "10.0.1.94",
            "public_dns": "ec2-13-219-235-19.compute-1.amazonaws.com",
            "public_ip": "13.219.235.19",
            "region": "us-east-1",
            "root_block_device": [
              {
                "delete_on_termination": true,
                "device_name": "/dev/sda1",
                "encrypted": false,
                "iops": 100,
                "kms_key_id": "",
                "tags": {},
                "tags_all": {},
                "throughput": 0,
                "volume_id": "vol-0379b6881d5de6a12",
                "volume_size": 8,
                "volume_type": "gp2"
              }
            ],
            "secondary_network_interface": [],
            "secondary_private_ips": [],
            "security_groups": [],
            "source_dest_check": true,
            "spot_instance_request_id": "",
            "subnet_id": "subnet-099dc2f55bae34249",
            "tags": {
              "Name": "dalla-backend-ec2"
            },
            "tags_all": {
              "Name": "dalla-backend-ec2"
            },
            "tenancy": "default",
            "timeouts": null,
            "user_data": "#!/bin/bash\nset -e\n\napt-get update -y\napt-get install -y docker.io awscli\nsystemctl enable docker\nsystemctl start docker\n\nREGION=\"us-east-1\"\n\nDATABASE_URL=$(aws ssm get-parameter --name \"/dalla/prod/DATABASE_URL\" --with-decryption --region \"$REGION\" --query \"Parameter.Value\" --output text)\nCOGNITO_REGION=$(aws ssm get-parameter --name \"/dalla/prod/COGNITO_REGION\" --with-decryption --region \"$REGION\" --query \"Parameter.Value\" --output text)\nCOGNITO_USER_POOL_ID=$(aws ssm get-parameter --name \"/dalla/prod/COGNITO_USER_POOL_ID\" --with-decryption --region \"$REGION\" --query \"Parameter.Value\" --output text)\nCOGNITO_APP_CLIENT_ID=$(aws ssm get-parameter --name \"/dalla/prod/COGNITO_APP_CLIENT_ID\" --with-decryption --region \"$REGION\" --query \"Parameter.Value\" --output text)\n\ndocker run -d \\\n  --name backend \\\n  -p 8000:8000 \\\n  -e DATABASE_URL=\"$DATABASE_URL\" \\\n  -e COGNITO_REGION=\"$COGNITO_REGION\" \\\n  -e COGNITO_USER_POOL_ID=\"$COGNITO_USER_POOL_ID\" \\\n  -e COGNITO_APP_CLIENT_ID=\"$COGNITO_APP_CLIENT_ID\" \\\n  411960113601.dkr.ecr.us-east-1.amazonaws.com/dalla-backend:latest\n",
            "user_data_base64": null,
            "user_data_replace_on_change": false,
            "volume_tags": null,
            "vpc_security_group_ids": [
              "sg-02d3c7cdd1479d15a"
            ]
          },
          "sensitive_attributes": [],
          "identity_schema_version": 0,
          "identity": {
            "account_id": "411960113601",
            "id": "i-07fba0174703ee849",
            "region": "us-east-1"
          },
          "private": "eyJlMmJmYjczMC1lY2FhLTExZTYtOGY4OC0zNDM2M2JjN2M0YzAiOnsiY3JlYXRlIjo2MDAwMDAwMDAwMDAsImRlbGV0ZSI6MTIwMDAwMDAwMDAwMCwicmVhZCI6OTAwMDAwMDAwMDAwLCJ1cGRhdGUiOjYwMDAwMDAwMDAwMH0sInNjaGVtYV92ZXJzaW9uIjoiMiJ9",
          "dependencies": [
            "aws_cognito_user_pool.main",
            "aws_cognito_user_pool_client.app",
            "aws_db_instance.main",
            "aws_db_subnet_group.main",
            "aws_iam_instance_profile.backend",
            "aws_iam_role.backend",
            "aws_security_group.backend",
            "aws_security_group.rds",
            "aws_ssm_parameter.cognito_app_client_id",
            "aws_ssm_parameter.cognito_region",
            "aws_ssm_parameter.cognito_user_pool_id",
            "aws_ssm_parameter.database_url",
            "aws_subnet.public",
            "aws_vpc.main",
            "data.aws_ami.ubuntu",
            "data.aws_availability_zones.available",
            "data.aws_iam_policy_document.ec2_assume_role",
            "random_password.db_password"
          ]
        }
      ]
    },
    {
      "mode": "managed",
      "type": "aws_internet_gateway",
      "name": "igw",
      "provider": "provider[\"registry.terraform.io/hashicorp/aws\"]",
      "instances": [
        {
          "schema_version": 0,
          "attributes": {
            "arn": "arn:aws:ec2:us-east-1:411960113601:internet-gateway/igw-091c3dc458d2d2a97",
            "id": "igw-091c3dc458d2d2a97",
            "owner_id": "411960113601",
            "region": "us-east-1",
            "tags": {
              "Name": "dalla-igw"
            },
            "tags_all": {
              "Name": "dalla-igw"
            },
            "timeouts": null,
            "vpc_id": "vpc-0d20044cf33df4354"
          },
          "sensitive_attributes": [],
          "identity_schema_version": 0,
          "private": "eyJlMmJmYjczMC1lY2FhLTExZTYtOGY4OC0zNDM2M2JjN2M0YzAiOnsiY3JlYXRlIjoxMjAwMDAwMDAwMDAwLCJkZWxldGUiOjEyMDAwMDAwMDAwMDAsInVwZGF0ZSI6MTIwMDAwMDAwMDAwMH19",
          "dependencies": [
            "aws_vpc.main"
          ]
        }
      ]
    },
    {
      "mode": "managed",
      "type": "aws_route_table",
      "name": "public",
      "provider": "provider[\"registry.terraform.io/hashicorp/aws\"]",
      "instances": [
        {
          "schema_version": 0,
          "attributes": {
            "arn": "arn:aws:ec2:us-east-1:411960113601:route-table/rtb-045a3b1da8e2cbabd",
            "id": "rtb-045a3b1da8e2cbabd",
            "owner_id": "411960113601",
            "propagating_vgws": [],
            "region": "us-east-1",
            "route": [
              {
                "carrier_gateway_id": "",
                "cidr_block": "0.0.0.0/0",
                "core_network_arn": "",
                "destination_prefix_list_id": "",
                "egress_only_gateway_id": "",
                "gateway_id": "igw-091c3dc458d2d2a97",
                "ipv6_cidr_block": "",
                "local_gateway_id": "",
                "nat_gateway_id": "",
                "network_interface_id": "",
                "transit_gateway_id": "",
                "vpc_endpoint_id": "",
                "vpc_peering_connection_id": ""
              }
            ],
            "tags": {
              "Name": "dalla-public-rt"
            },
            "tags_all": {
              "Name": "dalla-public-rt"
            },
            "timeouts": null,
            "vpc_id": "vpc-0d20044cf33df4354"
          },
          "sensitive_attributes": [],
          "identity_schema_version": 0,
          "identity": {
            "account_id": "411960113601",
            "id": "rtb-045a3b1da8e2cbabd",
            "region": "us-east-1"
          },
          "private": "eyJlMmJmYjczMC1lY2FhLTExZTYtOGY4OC0zNDM2M2JjN2M0YzAiOnsiY3JlYXRlIjozMDAwMDAwMDAwMDAsImRlbGV0ZSI6MzAwMDAwMDAwMDAwLCJ1cGRhdGUiOjEyMDAwMDAwMDAwMH19",
          "dependencies": [
            "aws_internet_gateway.igw",
            "aws_vpc.main"
          ]
        }
      ]
    },
    {
      "mode": "managed",
      "type": "aws_route_table_association",
      "name": "public",
      "provider": "provider[\"registry.terraform.io/hashicorp/aws\"]",
      "instances": [
        {
          "index_key": 0,
          "schema_version": 0,
          "attributes": {
            "gateway_id": "",
            "id": "rtbassoc-00bdeb264886d3c70",
            "region": "us-east-1",
            "route_table_id": "rtb-045a3b1da8e2cbabd",
            "subnet_id": "subnet-099dc2f55bae34249",
            "timeouts": null
          },
          "sensitive_attributes": [],
          "identity_schema_version": 0,
          "private": "eyJlMmJmYjczMC1lY2FhLTExZTYtOGY4OC0zNDM2M2JjN2M0YzAiOnsiY3JlYXRlIjozMDAwMDAwMDAwMDAsImRlbGV0ZSI6MzAwMDAwMDAwMDAwLCJ1cGRhdGUiOjEyMDAwMDAwMDAwMH19",
          "dependencies": [
            "aws_internet_gateway.igw",
            "aws_route_table.public",
            "aws_subnet.public",
            "aws_vpc.main",
            "data.aws_availability_zones.available"
          ]
        },
        {
          "index_key": 1,
          "schema_version": 0,
          "attributes": {
            "gateway_id": "",
            "id": "rtbassoc-0d9eb4daa65768b7f",
            "region": "us-east-1",
            "route_table_id": "rtb-045a3b1da8e2cbabd",
            "subnet_id": "subnet-0cff7623ef9beb545",
            "timeouts": null
          },
          "sensitive_attributes": [],
          "identity_schema_version": 0,
          "private": "eyJlMmJmYjczMC1lY2FhLTExZTYtOGY4OC0zNDM2M2JjN2M0YzAiOnsiY3JlYXRlIjozMDAwMDAwMDAwMDAsImRlbGV0ZSI6MzAwMDAwMDAwMDAwLCJ1cGRhdGUiOjEyMDAwMDAwMDAwMH19",
          "dependencies": [
            "aws_internet_gateway.igw",
            "aws_route_table.public",
            "aws_subnet.public",
            "aws_vpc.main",
            "data.aws_availability_zones.available"
          ]
        }
      ]
    },
    {
      "mode": "managed",
      "type": "aws_s3_bucket",
      "name": "frontend",
      "provider": "provider[\"registry.terraform.io/hashicorp/aws\"]",
      "instances": [
        {
          "schema_version": 0,
          "attributes": {
            "acceleration_status": "",
            "acl": null,
            "arn": "arn:aws:s3:::dalla-frontend-411960113601",
            "bucket": "dalla-frontend-411960113601",
            "bucket_domain_name": "dalla-frontend-411960113601.s3.amazonaws.com",
            "bucket_prefix": "",
            "bucket_region": "us-east-1",
            "bucket_regional_domain_name": "dalla-frontend-411960113601.s3.us-east-1.amazonaws.com",
            "cors_rule": [],
            "force_destroy": false,
            "grant": [
              {
                "id": "50dc97115e92a32969f906684bf6d4c1967e2b229bf4dd6d023dcfb8afe37bb5",
                "permissions": [
                  "FULL_CONTROL"
                ],
                "type": "CanonicalUser",
                "uri": ""
              }
            ],
            "hosted_zone_id": "Z3AQBSTGFYJSTF",
            "id": "dalla-frontend-411960113601",
            "lifecycle_rule": [],
            "logging": [],
            "object_lock_configuration": [],
            "object_lock_enabled": false,
            "policy": "",
            "region": "us-east-1",
            "replication_configuration": [],
            "request_payer": "BucketOwner",
            "server_side_encryption_configuration": [
              {
                "rule": [
                  {
                    "apply_server_side_encryption_by_default": [
                      {
                        "kms_master_key_id": "",
                        "sse_algorithm": "AES256"
                      }
                    ],
                    "bucket_key_enabled": false
                  }
                ]
              }
            ],
            "tags": {
              "Name": "dalla-frontend"
            },
            "tags_all": {
              "Name": "dalla-frontend"
            },
            "timeouts": null,
            "versioning": [
              {
                "enabled": false,
                "mfa_delete": false
              }
            ],
            "website": [],
            "website_domain": null,
            "website_endpoint": null
          },
          "sensitive_attributes": [],
          "identity_schema_version": 0,
          "identity": {
            "account_id": "411960113601",
            "bucket": "dalla-frontend-411960113601",
            "region": "us-east-1"
          },
          "private": "eyJlMmJmYjczMC1lY2FhLTExZTYtOGY4OC0zNDM2M2JjN2M0YzAiOnsiY3JlYXRlIjoxMjAwMDAwMDAwMDAwLCJkZWxldGUiOjM2MDAwMDAwMDAwMDAsInJlYWQiOjEyMDAwMDAwMDAwMDAsInVwZGF0ZSI6MTIwMDAwMDAwMDAwMH19",
          "dependencies": [
            "data.aws_caller_identity.current"
          ]
        }
      ]
    },
    {
      "mode": "managed",
      "type": "aws_s3_bucket_policy",
      "name": "frontend",
      "provider": "provider[\"registry.terraform.io/hashicorp/aws\"]",
      "instances": [
        {
          "schema_version": 0,
          "attributes": {
            "bucket": "dalla-frontend-411960113601",
            "id": "dalla-frontend-411960113601",
            "policy": "{\"Statement\":[{\"Action\":\"s3:GetObject\",\"Effect\":\"Allow\",\"Principal\":{\"AWS\":\"arn:aws:iam::cloudfront:user/CloudFront Origin Access Identity E9DI9S2TX4Z5L\"},\"Resource\":\"arn:aws:s3:::dalla-frontend-411960113601/*\",\"Sid\":\"AllowCloudFrontOnly\"}],\"Version\":\"2012-10-17\"}",
            "region": "us-east-1"
          },
          "sensitive_attributes": [],
          "identity_schema_version": 0,
          "identity": {
            "account_id": "411960113601",
            "bucket": "dalla-frontend-411960113601",
            "region": "us-east-1"
          },
          "private": "bnVsbA==",
          "dependencies": [
            "aws_cloudfront_origin_access_identity.frontend",
            "aws_s3_bucket.frontend",
            "aws_s3_bucket_public_access_block.frontend",
            "data.aws_caller_identity.current"
          ]
        }
      ]
    },
    {
      "mode": "managed",
      "type": "aws_s3_bucket_public_access_block",
      "name": "frontend",
      "provider": "provider[\"registry.terraform.io/hashicorp/aws\"]",
      "instances": [
        {
          "schema_version": 0,
          "attributes": {
            "block_public_acls": true,
            "block_public_policy": true,
            "bucket": "dalla-frontend-411960113601",
            "id": "dalla-frontend-411960113601",
            "ignore_public_acls": true,
            "region": "us-east-1",
            "restrict_public_buckets": true,
            "skip_destroy": null
          },
          "sensitive_attributes": [],
          "identity_schema_version": 0,
          "identity": {
            "account_id": "411960113601",
            "bucket": "dalla-frontend-411960113601",
            "region": "us-east-1"
          },
          "private": "bnVsbA==",
          "dependencies": [
            "aws_s3_bucket.frontend",
            "data.aws_caller_identity.current"
          ]
        }
      ]
    },
    {
      "mode": "managed",
      "type": "aws_s3_bucket_versioning",
      "name": "frontend",
      "provider": "provider[\"registry.terraform.io/hashicorp/aws\"]",
      "instances": [
        {
          "schema_version": 0,
          "attributes": {
            "bucket": "dalla-frontend-411960113601",
            "expected_bucket_owner": "",
            "id": "dalla-frontend-411960113601",
            "mfa": null,
            "region": "us-east-1",
            "versioning_configuration": [
              {
                "mfa_delete": "",
                "status": "Enabled"
              }
            ]
          },
          "sensitive_attributes": [],
          "identity_schema_version": 1,
          "identity": {
            "account_id": "411960113601",
            "bucket": "dalla-frontend-411960113601",
            "region": "us-east-1"
          },
          "private": "bnVsbA==",
          "dependencies": [
            "aws_s3_bucket.frontend",
            "data.aws_caller_identity.current"
          ]
        }
      ]
    },
    {
      "mode": "managed",
      "type": "aws_security_group",
      "name": "backend",
      "provider": "provider[\"registry.terraform.io/hashicorp/aws\"]",
      "instances": [
        {
          "schema_version": 1,
          "attributes": {
            "arn": "arn:aws:ec2:us-east-1:411960113601:security-group/sg-02d3c7cdd1479d15a",
            "description": "Allow HTTP to backend and SSH for admin",
            "egress": [
              {
                "cidr_blocks": [
                  "0.0.0.0/0"
                ],
                "description": "",
                "from_port": 0,
                "ipv6_cidr_blocks": [],
                "prefix_list_ids": [],
                "protocol": "-1",
                "security_groups": [],
                "self": false,
                "to_port": 0
              }
            ],
            "id": "sg-02d3c7cdd1479d15a",
            "ingress": [
              {
                "cidr_blocks": [
                  "0.0.0.0/0"
                ],
                "description": "Backend API from internet",
                "from_port": 8000,
                "ipv6_cidr_blocks": [],
                "prefix_list_ids": [],
                "protocol": "tcp",
                "security_groups": [],
                "self": false,
                "to_port": 8000
              },
              {
                "cidr_blocks": [
                  "0.0.0.0/0"
                ],
                "description": "SSH from configured CIDR",
                "from_port": 22,
                "ipv6_cidr_blocks": [],
                "prefix_list_ids": [],
                "protocol": "tcp",
                "security_groups": [],
                "self": false,
                "to_port": 22
              }
            ],
            "name": "dalla-backend-sg",
            "name_prefix": "",
            "owner_id": "411960113601",
            "region": "us-east-1",
            "revoke_rules_on_delete": false,
            "tags": {
              "Name": "dalla-backend-sg"
            },
            "tags_all": {
              "Name": "dalla-backend-sg"
            },
            "timeouts": null,
            "vpc_id": "vpc-0d20044cf33df4354"
          },
          "sensitive_attributes": [],
          "identity_schema_version": 0,
          "identity": {
            "account_id": "411960113601",
            "id": "sg-02d3c7cdd1479d15a",
            "region": "us-east-1"
          },
          "private": "eyJlMmJmYjczMC1lY2FhLTExZTYtOGY4OC0zNDM2M2JjN2M0YzAiOnsiY3JlYXRlIjo2MDAwMDAwMDAwMDAsImRlbGV0ZSI6OTAwMDAwMDAwMDAwfSwic2NoZW1hX3ZlcnNpb24iOiIxIn0=",
          "dependencies": [
            "aws_vpc.main"
          ]
        }
      ]
    },
    {
      "mode": "managed",
      "type": "aws_security_group",
      "name": "rds",
      "provider": "provider[\"registry.terraform.io/hashicorp/aws\"]",
      "instances": [
        {
          "schema_version": 1,
          "attributes": {
            "arn": "arn:aws:ec2:us-east-1:411960113601:security-group/sg-0d18bc20d7ea26f9d",
            "description": "Allow Postgres from backend instances",
            "egress": [
              {
                "cidr_blocks": [
                  "0.0.0.0/0"
                ],
                "description": "",
                "from_port": 0,
                "ipv6_cidr_blocks": [],
                "prefix_list_ids": [],
                "protocol": "-1",
                "security_groups": [],
                "self": false,
                "to_port": 0
              }
            ],
            "id": "sg-0d18bc20d7ea26f9d",
            "ingress": [
              {
                "cidr_blocks": [],
                "description": "Postgres from backend SG",
                "from_port": 5432,
                "ipv6_cidr_blocks": [],
                "prefix_list_ids": [],
                "protocol": "tcp",
                "security_groups": [
                  "sg-02d3c7cdd1479d15a"
                ],
                "self": false,
                "to_port": 5432
              }
            ],
            "name": "dalla-rds-sg",
            "name_prefix": "",
            "owner_id": "411960113601",
            "region": "us-east-1",
            "revoke_rules_on_delete": false,
            "tags": {
              "Name": "dalla-rds-sg"
            },
            "tags_all": {
              "Name": "dalla-rds-sg"
            },
            "timeouts": null,
            "vpc_id": "vpc-0d20044cf33df4354"
          },
          "sensitive_attributes": [],
          "identity_schema_version": 0,
          "identity": {
            "account_id": "411960113601",
            "id": "sg-0d18bc20d7ea26f9d",
            "region": "us-east-1"
          },
          "private": "eyJlMmJmYjczMC1lY2FhLTExZTYtOGY4OC0zNDM2M2JjN2M0YzAiOnsiY3JlYXRlIjo2MDAwMDAwMDAwMDAsImRlbGV0ZSI6OTAwMDAwMDAwMDAwfSwic2NoZW1hX3ZlcnNpb24iOiIxIn0=",
          "dependencies": [
            "aws_security_group.backend",
            "aws_vpc.main"
          ]
        }
      ]
    },
    {
      "mode": "managed",
      "type": "aws_ssm_parameter",
      "name": "cognito_app_client_id",
      "provider": "provider[\"registry.terraform.io/hashicorp/aws\"]",
      "instances": [
        {
          "schema_version": 0,
          "attributes": {
            "allowed_pattern": "",
            "arn": "arn:aws:ssm:us-east-1:411960113601:parameter/dalla/prod/COGNITO_APP_CLIENT_ID",
            "data_type": "text",
            "description": "Cognito App Client ID",
            "has_value_wo": false,
            "id": "/dalla/prod/COGNITO_APP_CLIENT_ID",
            "insecure_value": null,
            "key_id": "",
            "name": "/dalla/prod/COGNITO_APP_CLIENT_ID",
            "overwrite": null,
            "region": "us-east-1",
            "tags": {
              "Name": "dalla-cognito-app-client-id"
            },
            "tags_all": {
              "Name": "dalla-cognito-app-client-id"
            },
            "tier": "Standard",
            "type": "String",
            "value": "23sd9b219pcaghkv34a7ul9tgk",
            "value_wo": null,
            "value_wo_version": null,
            "version": 1
          },
          "sensitive_attributes": [
            [
              {
                "type": "get_attr",
                "value": "value"
              }
            ],
            [
              {
                "type": "get_attr",
                "value": "value_wo"
              }
            ]
          ],
          "identity_schema_version": 0,
          "identity": {
            "account_id": "411960113601",
            "name": "/dalla/prod/COGNITO_APP_CLIENT_ID",
            "region": "us-east-1"
          },
          "private": "bnVsbA==",
          "dependencies": [
            "aws_cognito_user_pool.main",
            "aws_cognito_user_pool_client.app"
          ]
        }
      ]
    },
    {
      "mode": "managed",
      "type": "aws_ssm_parameter",
      "name": "cognito_region",
      "provider": "provider[\"registry.terraform.io/hashicorp/aws\"]",
      "instances": [
        {
          "schema_version": 0,
          "attributes": {
            "allowed_pattern": "",
            "arn": "arn:aws:ssm:us-east-1:411960113601:parameter/dalla/prod/COGNITO_REGION",
            "data_type": "text",
            "description": "Cognito region",
            "has_value_wo": false,
            "id": "/dalla/prod/COGNITO_REGION",
            "insecure_value": null,
            "key_id": "",
            "name": "/dalla/prod/COGNITO_REGION",
            "overwrite": null,
            "region": "us-east-1",
            "tags": {
              "Name": "dalla-cognito-region"
            },
            "tags_all": {
              "Name": "dalla-cognito-region"
            },
            "tier": "Standard",
            "type": "String",
            "value": "us-east-1",
            "value_wo": null,
            "value_wo_version": null,
            "version": 1
          },
          "sensitive_attributes": [
            [
              {
                "type": "get_attr",
                "value": "value"
              }
            ],
            [
              {
                "type": "get_attr",
                "value": "value_wo"
              }
            ]
          ],
          "identity_schema_version": 0,
          "identity": {
            "account_id": "411960113601",
            "name": "/dalla/prod/COGNITO_REGION",
            "region": "us-east-1"
          },
          "private": "bnVsbA=="
        }
      ]
    },
    {
      "mode": "managed",
      "type": "aws_ssm_parameter",
      "name": "cognito_user_pool_id",
      "provider": "provider[\"registry.terraform.io/hashicorp/aws\"]",
      "instances": [
        {
          "schema_version": 0,
          "attributes": {
            "allowed_pattern": "",
            "arn": "arn:aws:ssm:us-east-1:411960113601:parameter/dalla/prod/COGNITO_USER_POOL_ID",
            "data_type": "text",
            "description": "Cognito User Pool ID",
            "has_value_wo": false,
            "id": "/dalla/prod/COGNITO_USER_POOL_ID",
            "insecure_value": null,
            "key_id": "",
            "name": "/dalla/prod/COGNITO_USER_POOL_ID",
            "overwrite": null,
            "region": "us-east-1",
            "tags": {
              "Name": "dalla-cognito-user-pool-id"
            },
            "tags_all": {
              "Name": "dalla-cognito-user-pool-id"
            },
            "tier": "Standard",
            "type": "String",
            "value": "us-east-1_N1KSZqjZY",
            "value_wo": null,
            "value_wo_version": null,
            "version": 1
          },
          "sensitive_attributes": [
            [
              {
                "type": "get_attr",
                "value": "value"
              }
            ],
            [
              {
                "type": "get_attr",
                "value": "value_wo"
              }
            ]
          ],
          "identity_schema_version": 0,
          "identity": {
            "account_id": "411960113601",
            "name": "/dalla/prod/COGNITO_USER_POOL_ID",
            "region": "us-east-1"
          },
          "private": "bnVsbA==",
          "dependencies": [
            "aws_cognito_user_pool.main"
          ]
        }
      ]
    },
    {
      "mode": "managed",
      "type": "aws_ssm_parameter",
      "name": "database_url",
      "provider": "provider[\"registry.terraform.io/hashicorp/aws\"]",
      "instances": [
        {
          "schema_version": 0,
          "attributes": {
            "allowed_pattern": "",
            "arn": "arn:aws:ssm:us-east-1:411960113601:parameter/dalla/prod/DATABASE_URL",
            "data_type": "text",
            "description": "DATABASE_URL for Dalla backend",
            "has_value_wo": false,
            "id": "/dalla/prod/DATABASE_URL",
            "insecure_value": null,
            "key_id": "alias/aws/ssm",
            "name": "/dalla/prod/DATABASE_URL",
            "overwrite": null,
            "region": "us-east-1",
            "tags": {
              "Name": "dalla-database-url"
            },
            "tags_all": {
              "Name": "dalla-database-url"
            },
            "tier": "Standard",
            "type": "SecureString",
            "value": "postgresql+asyncpg://dalla:fDrYPM\u0026h$76P)eq*I_EN*I6=@dalla-db-20260220153208762200000004.ckt488ya2mrz.us-east-1.rds.amazonaws.com:5432/dalla",
            "value_wo": null,
            "value_wo_version": null,
            "version": 1
          },
          "sensitive_attributes": [
            [
              {
                "type": "get_attr",
                "value": "value"
              }
            ],
            [
              {
                "type": "get_attr",
                "value": "value_wo"
              }
            ]
          ],
          "identity_schema_version": 0,
          "identity": {
            "account_id": "411960113601",
            "name": "/dalla/prod/DATABASE_URL",
            "region": "us-east-1"
          },
          "private": "bnVsbA==",
          "dependencies": [
            "aws_db_instance.main",
            "aws_db_subnet_group.main",
            "aws_security_group.backend",
            "aws_security_group.rds",
            "aws_subnet.public",
            "aws_vpc.main",
            "data.aws_availability_zones.available",
            "random_password.db_password"
          ]
        }
      ]
    },
    {
      "mode": "managed",
      "type": "aws_subnet",
      "name": "public",
      "provider": "provider[\"registry.terraform.io/hashicorp/aws\"]",
      "instances": [
        {
          "index_key": 0,
          "schema_version": 1,
          "attributes": {
            "arn": "arn:aws:ec2:us-east-1:411960113601:subnet/subnet-099dc2f55bae34249",
            "assign_ipv6_address_on_creation": false,
            "availability_zone": "us-east-1a",
            "availability_zone_id": "use1-az1",
            "cidr_block": "10.0.1.0/24",
            "customer_owned_ipv4_pool": "",
            "enable_dns64": false,
            "enable_lni_at_device_index": 0,
            "enable_resource_name_dns_a_record_on_launch": false,
            "enable_resource_name_dns_aaaa_record_on_launch": false,
            "id": "subnet-099dc2f55bae34249",
            "ipv4_ipam_pool_id": null,
            "ipv4_netmask_length": null,
            "ipv6_cidr_block": "",
            "ipv6_cidr_block_association_id": "",
            "ipv6_ipam_pool_id": null,
            "ipv6_native": false,
            "ipv6_netmask_length": null,
            "map_customer_owned_ip_on_launch": false,
            "map_public_ip_on_launch": true,
            "outpost_arn": "",
            "owner_id": "411960113601",
            "private_dns_hostname_type_on_launch": "ip-name",
            "region": "us-east-1",
            "tags": {
              "Name": "dalla-public-1"
            },
            "tags_all": {
              "Name": "dalla-public-1"
            },
            "timeouts": null,
            "vpc_id": "vpc-0d20044cf33df4354"
          },
          "sensitive_attributes": [],
          "identity_schema_version": 0,
          "identity": {
            "account_id": "411960113601",
            "id": "subnet-099dc2f55bae34249",
            "region": "us-east-1"
          },
          "private": "eyJlMmJmYjczMC1lY2FhLTExZTYtOGY4OC0zNDM2M2JjN2M0YzAiOnsiY3JlYXRlIjo2MDAwMDAwMDAwMDAsImRlbGV0ZSI6MTIwMDAwMDAwMDAwMH0sInNjaGVtYV92ZXJzaW9uIjoiMSJ9",
          "dependencies": [
            "aws_vpc.main",
            "data.aws_availability_zones.available"
          ]
        },
        {
          "index_key": 1,
          "schema_version": 1,
          "attributes": {
            "arn": "arn:aws:ec2:us-east-1:411960113601:subnet/subnet-0cff7623ef9beb545",
            "assign_ipv6_address_on_creation": false,
            "availability_zone": "us-east-1b",
            "availability_zone_id": "use1-az2",
            "cidr_block": "10.0.2.0/24",
            "customer_owned_ipv4_pool": "",
            "enable_dns64": false,
            "enable_lni_at_device_index": 0,
            "enable_resource_name_dns_a_record_on_launch": false,
            "enable_resource_name_dns_aaaa_record_on_launch": false,
            "id": "subnet-0cff7623ef9beb545",
            "ipv4_ipam_pool_id": null,
            "ipv4_netmask_length": null,
            "ipv6_cidr_block": "",
            "ipv6_cidr_block_association_id": "",
            "ipv6_ipam_pool_id": null,
            "ipv6_native": false,
            "ipv6_netmask_length": null,
            "map_customer_owned_ip_on_launch": false,
            "map_public_ip_on_launch": true,
            "outpost_arn": "",
            "owner_id": "411960113601",
            "private_dns_hostname_type_on_launch": "ip-name",
            "region": "us-east-1",
            "tags": {
              "Name": "dalla-public-2"
            },
            "tags_all": {
              "Name": "dalla-public-2"
            },
            "timeouts": null,
            "vpc_id": "vpc-0d20044cf33df4354"
          },
          "sensitive_attributes": [],
          "identity_schema_version": 0,
          "identity": {
            "account_id": "411960113601",
            "id": "subnet-0cff7623ef9beb545",
            "region": "us-east-1"
          },
          "private": "eyJlMmJmYjczMC1lY2FhLTExZTYtOGY4OC0zNDM2M2JjN2M0YzAiOnsiY3JlYXRlIjo2MDAwMDAwMDAwMDAsImRlbGV0ZSI6MTIwMDAwMDAwMDAwMH0sInNjaGVtYV92ZXJzaW9uIjoiMSJ9",
          "dependencies": [
            "aws_vpc.main",
            "data.aws_availability_zones.available"
          ]
        }
      ]
    },
    {
      "mode": "managed",
      "type": "aws_vpc",
      "name": "main",
      "provider": "provider[\"registry.terraform.io/hashicorp/aws\"]",
      "instances": [
        {
          "schema_version": 1,
          "attributes": {
            "arn": "arn:aws:ec2:us-east-1:411960113601:vpc/vpc-0d20044cf33df4354",
            "assign_generated_ipv6_cidr_block": false,
            "cidr_block": "10.0.0.0/16",
            "default_network_acl_id": "acl-04ec4f263eb7e7f16",
            "default_route_table_id": "rtb-06405a8cb3cee0f7c",
            "default_security_group_id": "sg-000e14349faabb474",
            "dhcp_options_id": "dopt-07d3e611799e78b61",
            "enable_dns_hostnames": true,
            "enable_dns_support": true,
            "enable_network_address_usage_metrics": false,
            "id": "vpc-0d20044cf33df4354",
            "instance_tenancy": "default",
            "ipv4_ipam_pool_id": null,
            "ipv4_netmask_length": null,
            "ipv6_association_id": "",
            "ipv6_cidr_block": "",
            "ipv6_cidr_block_network_border_group": "",
            "ipv6_ipam_pool_id": "",
            "ipv6_netmask_length": 0,
            "main_route_table_id": "rtb-06405a8cb3cee0f7c",
            "owner_id": "411960113601",
            "region": "us-east-1",
            "tags": {
              "Name": "dalla-vpc"
            },
            "tags_all": {
              "Name": "dalla-vpc"
            }
          },
          "sensitive_attributes": [],
          "identity_schema_version": 0,
          "identity": {
            "account_id": "411960113601",
            "id": "vpc-0d20044cf33df4354",
            "region": "us-east-1"
          },
          "private": "eyJzY2hlbWFfdmVyc2lvbiI6IjEifQ=="
        }
      ]
    },
    {
      "mode": "managed",
      "type": "random_password",
      "name": "db_password",
      "provider": "provider[\"registry.terraform.io/hashicorp/random\"]",
      "instances": [
        {
          "schema_version": 3,
          "attributes": {
            "bcrypt_hash": "$2a$10$pxH2Z.rJ3Qroq4K2c3qcqumT52u..WWLRn5Lfw9CTaiKEFEC1Sds.",
            "id": "none",
            "keepers": null,
            "length": 24,
            "lower": true,
            "min_lower": 0,
            "min_numeric": 0,
            "min_special": 0,
            "min_upper": 0,
            "number": true,
            "numeric": true,
            "override_special": null,
            "result": "fDrYPM\u0026h$76P)eq*I_EN*I6=",
            "special": true,
            "upper": true
          },
          "sensitive_attributes": [
            [
              {
                "type": "get_attr",
                "value": "bcrypt_hash"
              }
            ],
            [
              {
                "type": "get_attr",
                "value": "result"
              }
            ]
          ],
          "identity_schema_version": 0
        }
      ]
    }
  ],
  "check_results": null
}
